
Microsoft Visual Studio Solution File, Format Version 12.00
# Visual Studio 15
VisualStudioVersion = 15.0.26124.0
MinimumVisualStudioVersion = 15.0.26124.0
Project("{FAE04EC0-301F-11D3-BF4B-00C04F79EFBC}") = "Schedulerer.Domain", "Schedulerer.Domain\Schedulerer.Domain.csproj", "{E3610152-7B65-49B8-8C99-E7DF234A4A27}"
EndProject
Project("{FAE04EC0-301F-11D3-BF4B-00C04F79EFBC}") = "Schedulerer.Domain.Core", "Schedulerer.Domain.Core\Schedulerer.Domain.Core.csproj", "{BC251FD7-A170-40F7-B6A8-F373046D4E6B}"
EndProject
Project("{FAE04EC0-301F-11D3-BF4B-00C04F79EFBC}") = "Schedulerer.Infrastructure", "Schedulerer.Infrastructure\Schedulerer.Infrastructure.csproj", "{CD8C8E8E-A485-4835-9572-61E6E55F2418}"
EndProject
Project("{FAE04EC0-301F-11D3-BF4B-00C04F79EFBC}") = "Schedulerer.Domain.Core.Tests", "Schedulerer.Domain.Core.Tests\Schedulerer.Domain.Core.Tests.csproj", "{67C38F83-A62F-4EF2-ACF6-D7CDFCB69BC3}"
EndProject
Project("{2150E333-8FDC-42A3-9474-1A3956D46DE8}") = "Solution Items", "Solution Items", "{16214FBD-2AA6-4600-BB86-A933E9053057}"
ProjectSection(SolutionItems) = preProject
	..\.editorconfig = ..\.editorconfig
	..\README.md = ..\README.md
	..\LICENSE = ..\LICENSE
EndProjectSection
EndProject
Project("{FAE04EC0-301F-11D3-BF4B-00C04F79EFBC}") = "Schedulerer.Enums", "Schedulerer.Enums\Schedulerer.Enums.csproj", "{D8A497BA-AEF2-4A80-9814-4DF1E6E6BAC0}"
EndProject
Project("{FAE04EC0-301F-11D3-BF4B-00C04F79EFBC}") = "Schedulerer.Domain.Tests", "Schedulerer.Domain.Tests\Schedulerer.Domain.Tests.csproj", "{D72FE884-392D-494B-8E0E-AFA690794881}"
EndProject
Project("{FAE04EC0-301F-11D3-BF4B-00C04F79EFBC}") = "Schedulerer.Web", "Schedulerer.Web\Schedulerer.Web.csproj", "{40A1F15B-B9B0-4160-80C1-734193C1FB50}"
EndProject
Project("{FAE04EC0-301F-11D3-BF4B-00C04F79EFBC}") = "Schedulerer.Application", "Schedulerer.Application\Schedulerer.Application.csproj", "{3028231E-4736-4325-BA9E-E4C3F9517BA0}"
EndProject
Project("{FAE04EC0-301F-11D3-BF4B-00C04F79EFBC}") = "Schedulerer.Application.Tests", "Schedulerer.Application.Tests\Schedulerer.Application.Tests.csproj", "{06D2E868-0DB5-475C-A175-8A079A1A7996}"
EndProject
Project("{2150E333-8FDC-42A3-9474-1A3956D46DE8}") = "Tests", "Tests", "{1A74BB88-209D-489E-9CFD-7C07294C69F4}"
EndProject
Project("{FAE04EC0-301F-11D3-BF4B-00C04F79EFBC}") = "Schedulerer.Infrastructure.Migrations", "Schedulerer.Infrastructure.Migrations\Schedulerer.Infrastructure.Migrations.csproj", "{3DBB807F-9441-4083-95A1-826D75D33A89}"
EndProject
Global
	GlobalSection(SolutionConfigurationPlatforms) = preSolution
		Debug|Any CPU = Debug|Any CPU
		Debug|x64 = Debug|x64
		Debug|x86 = Debug|x86
		Release|Any CPU = Release|Any CPU
		Release|x64 = Release|x64
		Release|x86 = Release|x86
	EndGlobalSection
	GlobalSection(SolutionProperties) = preSolution
		HideSolutionNode = FALSE
	EndGlobalSection
	GlobalSection(ProjectConfigurationPlatforms) = postSolution
		{E3610152-7B65-49B8-8C99-E7DF234A4A27}.Debug|Any CPU.ActiveCfg = Debug|Any CPU
		{E3610152-7B65-49B8-8C99-E7DF234A4A27}.Debug|Any CPU.Build.0 = Debug|Any CPU
		{E3610152-7B65-49B8-8C99-E7DF234A4A27}.Debug|x64.ActiveCfg = Debug|Any CPU
		{E3610152-7B65-49B8-8C99-E7DF234A4A27}.Debug|x64.Build.0 = Debug|Any CPU
		{E3610152-7B65-49B8-8C99-E7DF234A4A27}.Debug|x86.ActiveCfg = Debug|Any CPU
		{E3610152-7B65-49B8-8C99-E7DF234A4A27}.Debug|x86.Build.0 = Debug|Any CPU
		{E3610152-7B65-49B8-8C99-E7DF234A4A27}.Release|Any CPU.ActiveCfg = Release|Any CPU
		{E3610152-7B65-49B8-8C99-E7DF234A4A27}.Release|Any CPU.Build.0 = Release|Any CPU
		{E3610152-7B65-49B8-8C99-E7DF234A4A27}.Release|x64.ActiveCfg = Release|Any CPU
		{E3610152-7B65-49B8-8C99-E7DF234A4A27}.Release|x64.Build.0 = Release|Any CPU
		{E3610152-7B65-49B8-8C99-E7DF234A4A27}.Release|x86.ActiveCfg = Release|Any CPU
		{E3610152-7B65-49B8-8C99-E7DF234A4A27}.Release|x86.Build.0 = Release|Any CPU
		{BC251FD7-A170-40F7-B6A8-F373046D4E6B}.Debug|Any CPU.ActiveCfg = Debug|Any CPU
		{BC251FD7-A170-40F7-B6A8-F373046D4E6B}.Debug|Any CPU.Build.0 = Debug|Any CPU
		{BC251FD7-A170-40F7-B6A8-F373046D4E6B}.Debug|x64.ActiveCfg = Debug|Any CPU
		{BC251FD7-A170-40F7-B6A8-F373046D4E6B}.Debug|x64.Build.0 = Debug|Any CPU
		{BC251FD7-A170-40F7-B6A8-F373046D4E6B}.Debug|x86.ActiveCfg = Debug|Any CPU
		{BC251FD7-A170-40F7-B6A8-F373046D4E6B}.Debug|x86.Build.0 = Debug|Any CPU
		{BC251FD7-A170-40F7-B6A8-F373046D4E6B}.Release|Any CPU.ActiveCfg = Release|Any CPU
		{BC251FD7-A170-40F7-B6A8-F373046D4E6B}.Release|Any CPU.Build.0 = Release|Any CPU
		{BC251FD7-A170-40F7-B6A8-F373046D4E6B}.Release|x64.ActiveCfg = Release|Any CPU
		{BC251FD7-A170-40F7-B6A8-F373046D4E6B}.Release|x64.Build.0 = Release|Any CPU
		{BC251FD7-A170-40F7-B6A8-F373046D4E6B}.Release|x86.ActiveCfg = Release|Any CPU
		{BC251FD7-A170-40F7-B6A8-F373046D4E6B}.Release|x86.Build.0 = Release|Any CPU
		{CD8C8E8E-A485-4835-9572-61E6E55F2418}.Debug|Any CPU.ActiveCfg = Debug|Any CPU
		{CD8C8E8E-A485-4835-9572-61E6E55F2418}.Debug|Any CPU.Build.0 = Debug|Any CPU
		{CD8C8E8E-A485-4835-9572-61E6E55F2418}.Debug|x64.ActiveCfg = Debug|Any CPU
		{CD8C8E8E-A485-4835-9572-61E6E55F2418}.Debug|x64.Build.0 = Debug|Any CPU
		{CD8C8E8E-A485-4835-9572-61E6E55F2418}.Debug|x86.ActiveCfg = Debug|Any CPU
		{CD8C8E8E-A485-4835-9572-61E6E55F2418}.Debug|x86.Build.0 = Debug|Any CPU
		{CD8C8E8E-A485-4835-9572-61E6E55F2418}.Release|Any CPU.ActiveCfg = Release|Any CPU
		{CD8C8E8E-A485-4835-9572-61E6E55F2418}.Release|Any CPU.Build.0 = Release|Any CPU
		{CD8C8E8E-A485-4835-9572-61E6E55F2418}.Release|x64.ActiveCfg = Release|Any CPU
		{CD8C8E8E-A485-4835-9572-61E6E55F2418}.Release|x64.Build.0 = Release|Any CPU
		{CD8C8E8E-A485-4835-9572-61E6E55F2418}.Release|x86.ActiveCfg = Release|Any CPU
		{CD8C8E8E-A485-4835-9572-61E6E55F2418}.Release|x86.Build.0 = Release|Any CPU
		{67C38F83-A62F-4EF2-ACF6-D7CDFCB69BC3}.Debug|Any CPU.ActiveCfg = Debug|Any CPU
		{67C38F83-A62F-4EF2-ACF6-D7CDFCB69BC3}.Debug|Any CPU.Build.0 = Debug|Any CPU
		{67C38F83-A62F-4EF2-ACF6-D7CDFCB69BC3}.Debug|x64.ActiveCfg = Debug|Any CPU
		{67C38F83-A62F-4EF2-ACF6-D7CDFCB69BC3}.Debug|x64.Build.0 = Debug|Any CPU
		{67C38F83-A62F-4EF2-ACF6-D7CDFCB69BC3}.Debug|x86.ActiveCfg = Debug|Any CPU
		{67C38F83-A62F-4EF2-ACF6-D7CDFCB69BC3}.Debug|x86.Build.0 = Debug|Any CPU
		{67C38F83-A62F-4EF2-ACF6-D7CDFCB69BC3}.Release|Any CPU.ActiveCfg = Release|Any CPU
		{67C38F83-A62F-4EF2-ACF6-D7CDFCB69BC3}.Release|Any CPU.Build.0 = Release|Any CPU
		{67C38F83-A62F-4EF2-ACF6-D7CDFCB69BC3}.Release|x64.ActiveCfg = Release|Any CPU
		{67C38F83-A62F-4EF2-ACF6-D7CDFCB69BC3}.Release|x64.Build.0 = Release|Any CPU
		{67C38F83-A62F-4EF2-ACF6-D7CDFCB69BC3}.Release|x86.ActiveCfg = Release|Any CPU
		{67C38F83-A62F-4EF2-ACF6-D7CDFCB69BC3}.Release|x86.Build.0 = Release|Any CPU
		{D8A497BA-AEF2-4A80-9814-4DF1E6E6BAC0}.Debug|Any CPU.ActiveCfg = Debug|Any CPU
		{D8A497BA-AEF2-4A80-9814-4DF1E6E6BAC0}.Debug|Any CPU.Build.0 = Debug|Any CPU
		{D8A497BA-AEF2-4A80-9814-4DF1E6E6BAC0}.Debug|x64.ActiveCfg = Debug|Any CPU
		{D8A497BA-AEF2-4A80-9814-4DF1E6E6BAC0}.Debug|x64.Build.0 = Debug|Any CPU
		{D8A497BA-AEF2-4A80-9814-4DF1E6E6BAC0}.Debug|x86.ActiveCfg = Debug|Any CPU
		{D8A497BA-AEF2-4A80-9814-4DF1E6E6BAC0}.Debug|x86.Build.0 = Debug|Any CPU
		{D8A497BA-AEF2-4A80-9814-4DF1E6E6BAC0}.Release|Any CPU.ActiveCfg = Release|Any CPU
		{D8A497BA-AEF2-4A80-9814-4DF1E6E6BAC0}.Release|Any CPU.Build.0 = Release|Any CPU
		{D8A497BA-AEF2-4A80-9814-4DF1E6E6BAC0}.Release|x64.ActiveCfg = Release|Any CPU
		{D8A497BA-AEF2-4A80-9814-4DF1E6E6BAC0}.Release|x64.Build.0 = Release|Any CPU
		{D8A497BA-AEF2-4A80-9814-4DF1E6E6BAC0}.Release|x86.ActiveCfg = Release|Any CPU
		{D8A497BA-AEF2-4A80-9814-4DF1E6E6BAC0}.Release|x86.Build.0 = Release|Any CPU
		{D72FE884-392D-494B-8E0E-AFA690794881}.Debug|Any CPU.ActiveCfg = Debug|Any CPU
		{D72FE884-392D-494B-8E0E-AFA690794881}.Debug|Any CPU.Build.0 = Debug|Any CPU
		{D72FE884-392D-494B-8E0E-AFA690794881}.Debug|x64.ActiveCfg = Debug|Any CPU
		{D72FE884-392D-494B-8E0E-AFA690794881}.Debug|x64.Build.0 = Debug|Any CPU
		{D72FE884-392D-494B-8E0E-AFA690794881}.Debug|x86.ActiveCfg = Debug|Any CPU
		{D72FE884-392D-494B-8E0E-AFA690794881}.Debug|x86.Build.0 = Debug|Any CPU
		{D72FE884-392D-494B-8E0E-AFA690794881}.Release|Any CPU.ActiveCfg = Release|Any CPU
		{D72FE884-392D-494B-8E0E-AFA690794881}.Release|Any CPU.Build.0 = Release|Any CPU
		{D72FE884-392D-494B-8E0E-AFA690794881}.Release|x64.ActiveCfg = Release|Any CPU
		{D72FE884-392D-494B-8E0E-AFA690794881}.Release|x64.Build.0 = Release|Any CPU
		{D72FE884-392D-494B-8E0E-AFA690794881}.Release|x86.ActiveCfg = Release|Any CPU
		{D72FE884-392D-494B-8E0E-AFA690794881}.Release|x86.Build.0 = Release|Any CPU
		{40A1F15B-B9B0-4160-80C1-734193C1FB50}.Debug|Any CPU.ActiveCfg = Debug|Any CPU
		{40A1F15B-B9B0-4160-80C1-734193C1FB50}.Debug|Any CPU.Build.0 = Debug|Any CPU
		{40A1F15B-B9B0-4160-80C1-734193C1FB50}.Debug|x64.ActiveCfg = Debug|Any CPU
		{40A1F15B-B9B0-4160-80C1-734193C1FB50}.Debug|x64.Build.0 = Debug|Any CPU
		{40A1F15B-B9B0-4160-80C1-734193C1FB50}.Debug|x86.ActiveCfg = Debug|Any CPU
		{40A1F15B-B9B0-4160-80C1-734193C1FB50}.Debug|x86.Build.0 = Debug|Any CPU
		{40A1F15B-B9B0-4160-80C1-734193C1FB50}.Release|Any CPU.ActiveCfg = Release|Any CPU
		{40A1F15B-B9B0-4160-80C1-734193C1FB50}.Release|Any CPU.Build.0 = Release|Any CPU
		{40A1F15B-B9B0-4160-80C1-734193C1FB50}.Release|x64.ActiveCfg = Release|Any CPU
		{40A1F15B-B9B0-4160-80C1-734193C1FB50}.Release|x64.Build.0 = Release|Any CPU
		{40A1F15B-B9B0-4160-80C1-734193C1FB50}.Release|x86.ActiveCfg = Release|Any CPU
		{40A1F15B-B9B0-4160-80C1-734193C1FB50}.Release|x86.Build.0 = Release|Any CPU
		{3028231E-4736-4325-BA9E-E4C3F9517BA0}.Debug|Any CPU.ActiveCfg = Debug|Any CPU
		{3028231E-4736-4325-BA9E-E4C3F9517BA0}.Debug|Any CPU.Build.0 = Debug|Any CPU
		{3028231E-4736-4325-BA9E-E4C3F9517BA0}.Debug|x64.ActiveCfg = Debug|Any CPU
		{3028231E-4736-4325-BA9E-E4C3F9517BA0}.Debug|x64.Build.0 = Debug|Any CPU
		{3028231E-4736-4325-BA9E-E4C3F9517BA0}.Debug|x86.ActiveCfg = Debug|Any CPU
		{3028231E-4736-4325-BA9E-E4C3F9517BA0}.Debug|x86.Build.0 = Debug|Any CPU
		{3028231E-4736-4325-BA9E-E4C3F9517BA0}.Release|Any CPU.ActiveCfg = Release|Any CPU
		{3028231E-4736-4325-BA9E-E4C3F9517BA0}.Release|Any CPU.Build.0 = Release|Any CPU
		{3028231E-4736-4325-BA9E-E4C3F9517BA0}.Release|x64.ActiveCfg = Release|Any CPU
		{3028231E-4736-4325-BA9E-E4C3F9517BA0}.Release|x64.Build.0 = Release|Any CPU
		{3028231E-4736-4325-BA9E-E4C3F9517BA0}.Release|x86.ActiveCfg = Release|Any CPU
		{3028231E-4736-4325-BA9E-E4C3F9517BA0}.Release|x86.Build.0 = Release|Any CPU
		{06D2E868-0DB5-475C-A175-8A079A1A7996}.Debug|Any CPU.ActiveCfg = Debug|Any CPU
		{06D2E868-0DB5-475C-A175-8A079A1A7996}.Debug|Any CPU.Build.0 = Debug|Any CPU
		{06D2E868-0DB5-475C-A175-8A079A1A7996}.Debug|x64.ActiveCfg = Debug|Any CPU
		{06D2E868-0DB5-475C-A175-8A079A1A7996}.Debug|x64.Build.0 = Debug|Any CPU
		{06D2E868-0DB5-475C-A175-8A079A1A7996}.Debug|x86.ActiveCfg = Debug|Any CPU
		{06D2E868-0DB5-475C-A175-8A079A1A7996}.Debug|x86.Build.0 = Debug|Any CPU
		{06D2E868-0DB5-475C-A175-8A079A1A7996}.Release|Any CPU.ActiveCfg = Release|Any CPU
		{06D2E868-0DB5-475C-A175-8A079A1A7996}.Release|Any CPU.Build.0 = Release|Any CPU
		{06D2E868-0DB5-475C-A175-8A079A1A7996}.Release|x64.ActiveCfg = Release|Any CPU
		{06D2E868-0DB5-475C-A175-8A079A1A7996}.Release|x64.Build.0 = Release|Any CPU
		{06D2E868-0DB5-475C-A175-8A079A1A7996}.Release|x86.ActiveCfg = Release|Any CPU
		{06D2E868-0DB5-475C-A175-8A079A1A7996}.Release|x86.Build.0 = Release|Any CPU
		{3DBB807F-9441-4083-95A1-826D75D33A89}.Debug|Any CPU.ActiveCfg = Debug|Any CPU
		{3DBB807F-9441-4083-95A1-826D75D33A89}.Debug|Any CPU.Build.0 = Debug|Any CPU
		{3DBB807F-9441-4083-95A1-826D75D33A89}.Debug|x64.ActiveCfg = Debug|Any CPU
		{3DBB807F-9441-4083-95A1-826D75D33A89}.Debug|x64.Build.0 = Debug|Any CPU
		{3DBB807F-9441-4083-95A1-826D75D33A89}.Debug|x86.ActiveCfg = Debug|Any CPU
		{3DBB807F-9441-4083-95A1-826D75D33A89}.Debug|x86.Build.0 = Debug|Any CPU
		{3DBB807F-9441-4083-95A1-826D75D33A89}.Release|Any CPU.ActiveCfg = Release|Any CPU
		{3DBB807F-9441-4083-95A1-826D75D33A89}.Release|Any CPU.Build.0 = Release|Any CPU
		{3DBB807F-9441-4083-95A1-826D75D33A89}.Release|x64.ActiveCfg = Release|Any CPU
		{3DBB807F-9441-4083-95A1-826D75D33A89}.Release|x64.Build.0 = Release|Any CPU
		{3DBB807F-9441-4083-95A1-826D75D33A89}.Release|x86.ActiveCfg = Release|Any CPU
		{3DBB807F-9441-4083-95A1-826D75D33A89}.Release|x86.Build.0 = Release|Any CPU
	EndGlobalSection
	GlobalSection(NestedProjects) = preSolution
		{67C38F83-A62F-4EF2-ACF6-D7CDFCB69BC3} = {1A74BB88-209D-489E-9CFD-7C07294C69F4}
		{D72FE884-392D-494B-8E0E-AFA690794881} = {1A74BB88-209D-489E-9CFD-7C07294C69F4}
		{06D2E868-0DB5-475C-A175-8A079A1A7996} = {1A74BB88-209D-489E-9CFD-7C07294C69F4}
	EndGlobalSection
EndGlobal
